
Microsoft Visual Studio Solution File, Format Version 12.00
# Visual Studio 15
VisualStudioVersion = 15.0.27703.2000
MinimumVisualStudioVersion = 10.0.40219.1
Project("{9A19103F-16F7-4668-BE54-9A1E7A4F7556}") = "Moq.SetupAsync", "Moq.SetupAsync\Moq.SetupAsync.csproj", "{274FBF44-A58E-4464-B6D0-089742C4944A}"
EndProject
Project("{FAE04EC0-301F-11D3-BF4B-00C04F79EFBC}") = "Moq.SetupAsync.Tests", "Moq.SetupAsync.Tests\Moq.SetupAsync.Tests.csproj", "{3B85E7AA-2C71-419B-9894-2AA790B604FC}"
EndProject
Global
	GlobalSection(SolutionConfigurationPlatforms) = preSolution
		Debug|Any CPU = Debug|Any CPU
		Release|Any CPU = Release|Any CPU
	EndGlobalSection
	GlobalSection(ProjectConfigurationPlatforms) = postSolution
		{274FBF44-A58E-4464-B6D0-089742C4944A}.Debug|Any CPU.ActiveCfg = Debug|Any CPU
		{274FBF44-A58E-4464-B6D0-089742C4944A}.Debug|Any CPU.Build.0 = Debug|Any CPU
		{274FBF44-A58E-4464-B6D0-089742C4944A}.Release|Any CPU.ActiveCfg = Release|Any CPU
		{274FBF44-A58E-4464-B6D0-089742C4944A}.Release|Any CPU.Build.0 = Release|Any CPU
		{3B85E7AA-2C71-419B-9894-2AA790B604FC}.Debug|Any CPU.ActiveCfg = Debug|Any CPU
		{3B85E7AA-2C71-419B-9894-2AA790B604FC}.Debug|Any CPU.Build.0 = Debug|Any CPU
		{3B85E7AA-2C71-419B-9894-2AA790B604FC}.Release|Any CPU.ActiveCfg = Release|Any CPU
		{3B85E7AA-2C71-419B-9894-2AA790B604FC}.Release|Any CPU.Build.0 = Release|Any CPU
	EndGlobalSection
	GlobalSection(SolutionProperties) = preSolution
		HideSolutionNode = FALSE
	EndGlobalSection
	GlobalSection(ExtensibilityGlobals) = postSolution
		SolutionGuid = {672F2A24-7A4A-4A68-AACF-508E3D17C847}
	EndGlobalSection
EndGlobal
